
Microsoft Visual Studio Solution File, Format Version 12.00
# Visual Studio Version 17
VisualStudioVersion = 17.9.34622.214
MinimumVisualStudioVersion = 10.0.40219.1
Project("{9A19103F-16F7-4668-BE54-9A1E7A4F7556}") = "MiraAPI", "MiraAPI\MiraAPI.csproj", "{11FBC798-BAF5-4EE5-9511-BE6DB0592F99}"
EndProject
Project("{FAE04EC0-301F-11D3-BF4B-00C04F79EFBC}") = "MiraAPI.Example", "MiraAPI.Example\MiraAPI.Example.csproj", "{19B76855-16CC-43CC-A0A6-5A7FFB43F077}"
EndProject
Global
	GlobalSection(SolutionConfigurationPlatforms) = preSolution
		Debug|Any CPU = Debug|Any CPU
		Release|Any CPU = Release|Any CPU
	EndGlobalSection
	GlobalSection(ProjectConfigurationPlatforms) = postSolution
		{11FBC798-BAF5-4EE5-9511-BE6DB0592F99}.Debug|Any CPU.ActiveCfg = Debug|Any CPU
		{11FBC798-BAF5-4EE5-9511-BE6DB0592F99}.Debug|Any CPU.Build.0 = Debug|Any CPU
		{11FBC798-BAF5-4EE5-9511-BE6DB0592F99}.Release|Any CPU.ActiveCfg = Release|Any CPU
		{11FBC798-BAF5-4EE5-9511-BE6DB0592F99}.Release|Any CPU.Build.0 = Release|Any CPU
		{19B76855-16CC-43CC-A0A6-5A7FFB43F077}.Debug|Any CPU.ActiveCfg = Debug|Any CPU
		{19B76855-16CC-43CC-A0A6-5A7FFB43F077}.Debug|Any CPU.Build.0 = Debug|Any CPU
		{19B76855-16CC-43CC-A0A6-5A7FFB43F077}.Release|Any CPU.ActiveCfg = Release|Any CPU
		{19B76855-16CC-43CC-A0A6-5A7FFB43F077}.Release|Any CPU.Build.0 = Release|Any CPU
	EndGlobalSection
	GlobalSection(SolutionProperties) = preSolution
		HideSolutionNode = FALSE
	EndGlobalSection
EndGlobal
